PODS:
  - cozo_dart (0.0.1):
    - FlutterMacOS
  - FlutterMacOS (1.0.0)

DEPENDENCIES:
  - cozo_dart (from `Flutter/ephemeral/.symlinks/plugins/cozo_dart/macos`)
  - FlutterMacOS (from `Flutter/ephemeral`)

EXTERNAL SOURCES:
  cozo_dart:
    :path: Flutter/ephemeral/.symlinks/plugins/cozo_dart/macos
  FlutterMacOS:
    :path: Flutter/ephemeral

SPEC CHECKSUMS:
  cozo_dart: 927ded843353250dd8ee5a7a8e2861fd3555fe57
  FlutterMacOS: d0db08ddef1a9af05a5ec4b724367152bb0500b1

PODFILE CHECKSUM: 54d867c82ac51cbd61b565781b9fada492027009

COCOAPODS: 1.16.2
